
Microsoft Visual Studio Solution File, Format Version 12.00
# Visual Studio Version 16
VisualStudioVersion = 16.0.30804.86
MinimumVisualStudioVersion = 10.0.40219.1
Project("{FAE04EC0-301F-11D3-BF4B-00C04F79EFBC}") = "voidstone.github.io", "voidstone.github.io.csproj", "{BAEB0F7F-79F3-4DD5-B92B-EB9680DE073B}"
EndProject
Global
	GlobalSection(SolutionConfigurationPlatforms) = preSolution
		Debug|Any CPU = Debug|Any CPU
		Release|Any CPU = Release|Any CPU
	EndGlobalSection
	GlobalSection(ProjectConfigurationPlatforms) = postSolution
		{BAEB0F7F-79F3-4DD5-B92B-EB9680DE073B}.Debug|Any CPU.ActiveCfg = Debug|Any CPU
		{BAEB0F7F-79F3-4DD5-B92B-EB9680DE073B}.Debug|Any CPU.Build.0 = Debug|Any CPU
		{BAEB0F7F-79F3-4DD5-B92B-EB9680DE073B}.Release|Any CPU.ActiveCfg = Release|Any CPU
		{BAEB0F7F-79F3-4DD5-B92B-EB9680DE073B}.Release|Any CPU.Build.0 = Release|Any CPU
	EndGlobalSection
	GlobalSection(SolutionProperties) = preSolution
		HideSolutionNode = FALSE
	EndGlobalSection
	GlobalSection(ExtensibilityGlobals) = postSolution
		SolutionGuid = {21A1C565-B279-488A-86C2-9B6EAF3C60A6}
	EndGlobalSection
EndGlobal
